
Microsoft Visual Studio Solution File, Format Version 12.00
# Visual Studio Version 16
VisualStudioVersion = 16.0.32407.337
MinimumVisualStudioVersion = 10.0.40219.1
Project("{FAE04EC0-301F-11D3-BF4B-00C04F79EFBC}") = "lab2_1", "lab2_1.csproj", "{4981A9AA-2F69-44BA-85A4-725D41A43FE6}"
EndProject
Global
	GlobalSection(SolutionConfigurationPlatforms) = preSolution
		Debug|Any CPU = Debug|Any CPU
		Release|Any CPU = Release|Any CPU
	EndGlobalSection
	GlobalSection(ProjectConfigurationPlatforms) = postSolution
		{4981A9AA-2F69-44BA-85A4-725D41A43FE6}.Debug|Any CPU.ActiveCfg = Debug|Any CPU
		{4981A9AA-2F69-44BA-85A4-725D41A43FE6}.Debug|Any CPU.Build.0 = Debug|Any CPU
		{4981A9AA-2F69-44BA-85A4-725D41A43FE6}.Release|Any CPU.ActiveCfg = Release|Any CPU
		{4981A9AA-2F69-44BA-85A4-725D41A43FE6}.Release|Any CPU.Build.0 = Release|Any CPU
	EndGlobalSection
	GlobalSection(SolutionProperties) = preSolution
		HideSolutionNode = FALSE
	EndGlobalSection
	GlobalSection(ExtensibilityGlobals) = postSolution
		SolutionGuid = {A8444088-8125-4452-99F8-AA174F83E005}
	EndGlobalSection
EndGlobal
